
Microsoft Visual Studio Solution File, Format Version 12.00
# Visual Studio Version 17
VisualStudioVersion = 17.7.34202.233
MinimumVisualStudioVersion = 10.0.40219.1
Project("{FAE04EC0-301F-11D3-BF4B-00C04F79EFBC}") = "Arrays", "Arrays.csproj", "{8C330183-1436-4092-9D7B-AC917D3A138B}"
EndProject
Global
	GlobalSection(SolutionConfigurationPlatforms) = preSolution
		Debug|Any CPU = Debug|Any CPU
		Release|Any CPU = Release|Any CPU
	EndGlobalSection
	GlobalSection(ProjectConfigurationPlatforms) = postSolution
		{8C330183-1436-4092-9D7B-AC917D3A138B}.Debug|Any CPU.ActiveCfg = Debug|Any CPU
		{8C330183-1436-4092-9D7B-AC917D3A138B}.Debug|Any CPU.Build.0 = Debug|Any CPU
		{8C330183-1436-4092-9D7B-AC917D3A138B}.Release|Any CPU.ActiveCfg = Release|Any CPU
		{8C330183-1436-4092-9D7B-AC917D3A138B}.Release|Any CPU.Build.0 = Release|Any CPU
	EndGlobalSection
	GlobalSection(SolutionProperties) = preSolution
		HideSolutionNode = FALSE
	EndGlobalSection
	GlobalSection(ExtensibilityGlobals) = postSolution
		SolutionGuid = {8C5DEDBA-2C96-43D9-889D-6C49D85E5AC2}
	EndGlobalSection
EndGlobal
